// !$*UTF8*$!
{
	archiveVersion = 1;
	classes = {
	};
	objectVersion = 56;
	objects = {

/* Begin PBXBuildFile section */
		CD3DE9762BAEB378005EDB19 /* iDineApp.swift in Sources */ = {isa = PBXBuildFile; fileRef = CD3DE9752BAEB378005EDB19 /* iDineApp.swift */; };
		CD3DE9782BAEB378005EDB19 /* ContentView.swift in Sources */ = {isa = PBXBuildFile; fileRef = CD3DE9772BAEB378005EDB19 /* ContentView.swift */; };
		CD3DE97A2BAEB37A005EDB19 /* Assets.xcassets in Resources */ = {isa = PBXBuildFile; fileRef = CD3DE9792BAEB37A005EDB19 /* Assets.xcassets */; };
		CD3DE97D2BAEB37A005EDB19 /* Preview Assets.xcassets in Resources */ = {isa = PBXBuildFile; fileRef = CD3DE97C2BAEB37A005EDB19 /* Preview Assets.xcassets */; };
		CD3DE9872BAEB37B005EDB19 /* iDineTests.swift in Sources */ = {isa = PBXBuildFile; fileRef = CD3DE9862BAEB37B005EDB19 /* iDineTests.swift */; };
		CD3DE9912BAEB37B005EDB19 /* iDineUITests.swift in Sources */ = {isa = PBXBuildFile; fileRef = CD3DE9902BAEB37B005EDB19 /* iDineUITests.swift */; };
		CD3DE9932BAEB37B005EDB19 /* iDineUITestsLaunchTests.swift in Sources */ = {isa = PBXBuildFile; fileRef = CD3DE9922BAEB37B005EDB19 /* iDineUITestsLaunchTests.swift */; };
		CD3DE9A02BAEB578005EDB19 /* Helper.swift in Sources */ = {isa = PBXBuildFile; fileRef = CD3DE99F2BAEB578005EDB19 /* Helper.swift */; };
		CD3DE9A32BAEB5E1005EDB19 /* Menu.swift in Sources */ = {isa = PBXBuildFile; fileRef = CD3DE9A12BAEB5E1005EDB19 /* Menu.swift */; };
		CD3DE9A42BAEB5E1005EDB19 /* Order.swift in Sources */ = {isa = PBXBuildFile; fileRef = CD3DE9A22BAEB5E1005EDB19 /* Order.swift */; };
		CD3DE9A62BAEB62E005EDB19 /* menu.json in Resources */ = {isa = PBXBuildFile; fileRef = CD3DE9A52BAEB62E005EDB19 /* menu.json */; };
		CD3DE9A82BAEC174005EDB19 /* ItemRow.swift in Sources */ = {isa = PBXBuildFile; fileRef = CD3DE9A72BAEC174005EDB19 /* ItemRow.swift */; };
		CD3DE9AA2BAED611005EDB19 /* ItemDetail.swift in Sources */ = {isa = PBXBuildFile; fileRef = CD3DE9A92BAED611005EDB19 /* ItemDetail.swift */; };
		CD3DE9AC2BAEDDA2005EDB19 /* OrderView.swift in Sources */ = {isa = PBXBuildFile; fileRef = CD3DE9AB2BAEDDA2005EDB19 /* OrderView.swift */; };
		CD3DE9AE2BAEDF07005EDB19 /* MainView.swift in Sources */ = {isa = PBXBuildFile; fileRef = CD3DE9AD2BAEDF07005EDB19 /* MainView.swift */; };
		CD874E952BAFBFB8002394C9 /* CheckoutView.swift in Sources */ = {isa = PBXBuildFile; fileRef = CD874E942BAFBFB8002394C9 /* CheckoutView.swift */; };
/* End PBXBuildFile section */

/* Begin PBXContainerItemProxy section */
		CD3DE9832BAEB37B005EDB19 /* PBXContainerItemProxy */ = {
			isa = PBXContainerItemProxy;
			containerPortal = CD3DE96A2BAEB378005EDB19 /* Project object */;
			proxyType = 1;
			remoteGlobalIDString = CD3DE9712BAEB378005EDB19;
			remoteInfo = iDine;
		};
		CD3DE98D2BAEB37B005EDB19 /* PBXContainerItemProxy */ = {
			isa = PBXContainerItemProxy;
			containerPortal = CD3DE96A2BAEB378005EDB19 /* Project object */;
			proxyType = 1;
			remoteGlobalIDString = CD3DE9712BAEB378005EDB19;
			remoteInfo = iDine;
		};
/* End PBXContainerItemProxy section */

/* Begin PBXFileReference section */
		CD3DE9722BAEB378005EDB19 /* iDine.app */ = {isa = PBXFileReference; explicitFileType = wrapper.application; includeInIndex = 0; path = iDine.app; sourceTree = BUILT_PRODUCTS_DIR; };
		CD3DE9752BAEB378005EDB19 /* iDineApp.swift */ = {isa = PBXFileReference; lastKnownFileType = sourcecode.swift; path = iDineApp.swift; sourceTree = "<group>"; };
		CD3DE9772BAEB378005EDB19 /* ContentView.swift */ = {isa = PBXFileReference; lastKnownFileType = sourcecode.swift; path = ContentView.swift; sourceTree = "<group>"; };
		CD3DE9792BAEB37A005EDB19 /* Assets.xcassets */ = {isa = PBXFileReference; lastKnownFileType = folder.assetcatalog; path = Assets.xcassets; sourceTree = "<group>"; };
		CD3DE97C2BAEB37A005EDB19 /* Preview Assets.xcassets */ = {isa = PBXFileReference; lastKnownFileType = folder.assetcatalog; path = "Preview Assets.xcassets"; sourceTree = "<group>"; };
		CD3DE9822BAEB37B005EDB19 /* iDineTests.xctest */ = {isa = PBXFileReference; explicitFileType = wrapper.cfbundle; includeInIndex = 0; path = iDineTests.xctest; sourceTree = BUILT_PRODUCTS_DIR; };
		CD3DE9862BAEB37B005EDB19 /* iDineTests.swift */ = {isa = PBXFileReference; lastKnownFileType = sourcecode.swift; path = iDineTests.swift; sourceTree = "<group>"; };
		CD3DE98C2BAEB37B005EDB19 /* iDineUITests.xctest */ = {isa = PBXFileReference; explicitFileType = wrapper.cfbundle; includeInIndex = 0; path = iDineUITests.xctest; sourceTree = BUILT_PRODUCTS_DIR; };
		CD3DE9902BAEB37B005EDB19 /* iDineUITests.swift */ = {isa = PBXFileReference; lastKnownFileType = sourcecode.swift; path = iDineUITests.swift; sourceTree = "<group>"; };
		CD3DE9922BAEB37B005EDB19 /* iDineUITestsLaunchTests.swift */ = {isa = PBXFileReference; lastKnownFileType = sourcecode.swift; path = iDineUITestsLaunchTests.swift; sourceTree = "<group>"; };
		CD3DE99F2BAEB578005EDB19 /* Helper.swift */ = {isa = PBXFileReference; fileEncoding = 4; lastKnownFileType = sourcecode.swift; path = Helper.swift; sourceTree = "<group>"; };
		CD3DE9A12BAEB5E1005EDB19 /* Menu.swift */ = {isa = PBXFileReference; fileEncoding = 4; lastKnownFileType = sourcecode.swift; path = Menu.swift; sourceTree = "<group>"; };
		CD3DE9A22BAEB5E1005EDB19 /* Order.swift */ = {isa = PBXFileReference; fileEncoding = 4; lastKnownFileType = sourcecode.swift; path = Order.swift; sourceTree = "<group>"; };
		CD3DE9A52BAEB62E005EDB19 /* menu.json */ = {isa = PBXFileReference; fileEncoding = 4; lastKnownFileType = text.json; path = menu.json; sourceTree = "<group>"; };
		CD3DE9A72BAEC174005EDB19 /* ItemRow.swift */ = {isa = PBXFileReference; lastKnownFileType = sourcecode.swift; path = ItemRow.swift; sourceTree = "<group>"; };
		CD3DE9A92BAED611005EDB19 /* ItemDetail.swift */ = {isa = PBXFileReference; lastKnownFileType = sourcecode.swift; path = ItemDetail.swift; sourceTree = "<group>"; };
		CD3DE9AB2BAEDDA2005EDB19 /* OrderView.swift */ = {isa = PBXFileReference; lastKnownFileType = sourcecode.swift; path = OrderView.swift; sourceTree = "<group>"; };
		CD3DE9AD2BAEDF07005EDB19 /* MainView.swift */ = {isa = PBXFileReference; lastKnownFileType = sourcecode.swift; path = MainView.swift; sourceTree = "<group>"; };
		CD874E942BAFBFB8002394C9 /* CheckoutView.swift */ = {isa = PBXFileReference; lastKnownFileType = sourcecode.swift; path = CheckoutView.swift; sourceTree = "<group>"; };
/* End PBXFileReference section */

/* Begin PBXFrameworksBuildPhase section */
		CD3DE96F2BAEB378005EDB19 /* Frameworks */ = {
			isa = PBXFrameworksBuildPhase;
			buildActionMask = 2147483647;
			files = (
			);
			runOnlyForDeploymentPostprocessing = 0;
		};
		CD3DE97F2BAEB37B005EDB19 /* Frameworks */ = {
			isa = PBXFrameworksBuildPhase;
			buildActionMask = 2147483647;
			files = (
			);
			runOnlyForDeploymentPostprocessing = 0;
		};
		CD3DE9892BAEB37B005EDB19 /* Frameworks */ = {
			isa = PBXFrameworksBuildPhase;
			buildActionMask = 2147483647;
			files = (
			);
			runOnlyForDeploymentPostprocessing = 0;
		};
/* End PBXFrameworksBuildPhase section */

/* Begin PBXGroup section */
		CD3DE9692BAEB378005EDB19 = {
			isa = PBXGroup;
			children = (
				CD3DE9742BAEB378005EDB19 /* iDine */,
				CD3DE9852BAEB37B005EDB19 /* iDineTests */,
				CD3DE98F2BAEB37B005EDB19 /* iDineUITests */,
				CD3DE9732BAEB378005EDB19 /* Products */,
			);
			sourceTree = "<group>";
		};
		CD3DE9732BAEB378005EDB19 /* Products */ = {
			isa = PBXGroup;
			children = (
				CD3DE9722BAEB378005EDB19 /* iDine.app */,
				CD3DE9822BAEB37B005EDB19 /* iDineTests.xctest */,
				CD3DE98C2BAEB37B005EDB19 /* iDineUITests.xctest */,
			);
			name = Products;
			sourceTree = "<group>";
		};
		CD3DE9742BAEB378005EDB19 /* iDine */ = {
			isa = PBXGroup;
			children = (
				CD3DE9752BAEB378005EDB19 /* iDineApp.swift */,
				CD3DE9772BAEB378005EDB19 /* ContentView.swift */,
				CD3DE9A92BAED611005EDB19 /* ItemDetail.swift */,
				CD3DE9AB2BAEDDA2005EDB19 /* OrderView.swift */,
				CD3DE9AD2BAEDF07005EDB19 /* MainView.swift */,
				CD874E942BAFBFB8002394C9 /* CheckoutView.swift */,
				CD3DE9A72BAEC174005EDB19 /* ItemRow.swift */,
				CD3DE99F2BAEB578005EDB19 /* Helper.swift */,
				CD3DE9A12BAEB5E1005EDB19 /* Menu.swift */,
				CD3DE9A22BAEB5E1005EDB19 /* Order.swift */,
				CD3DE9A52BAEB62E005EDB19 /* menu.json */,
				CD3DE9792BAEB37A005EDB19 /* Assets.xcassets */,
				CD3DE97B2BAEB37A005EDB19 /* Preview Content */,
			);
			path = iDine;
			sourceTree = "<group>";
		};
		CD3DE97B2BAEB37A005EDB19 /* Preview Content */ = {
			isa = PBXGroup;
			children = (
				CD3DE97C2BAEB37A005EDB19 /* Preview Assets.xcassets */,
			);
			path = "Preview Content";
			sourceTree = "<group>";
		};
		CD3DE9852BAEB37B005EDB19 /* iDineTests */ = {
			isa = PBXGroup;
			children = (
				CD3DE9862BAEB37B005EDB19 /* iDineTests.swift */,
			);
			path = iDineTests;
			sourceTree = "<group>";
		};
		CD3DE98F2BAEB37B005EDB19 /* iDineUITests */ = {
			isa = PBXGroup;
			children = (
				CD3DE9902BAEB37B005EDB19 /* iDineUITests.swift */,
				CD3DE9922BAEB37B005EDB19 /* iDineUITestsLaunchTests.swift */,
			);
			path = iDineUITests;
			sourceTree = "<group>";
		};
/* End PBXGroup section */

/* Begin PBXNativeTarget section */
		CD3DE9712BAEB378005EDB19 /* iDine */ = {
			isa = PBXNativeTarget;
			buildConfigurationList = CD3DE9962BAEB37B005EDB19 /* Build configuration list for PBXNativeTarget "iDine" */;
			buildPhases = (
				CD3DE96E2BAEB378005EDB19 /* Sources */,
				CD3DE96F2BAEB378005EDB19 /* Frameworks */,
				CD3DE9702BAEB378005EDB19 /* Resources */,
			);
			buildRules = (
			);
			dependencies = (
			);
			name = iDine;
			productName = iDine;
			productReference = CD3DE9722BAEB378005EDB19 /* iDine.app */;
			productType = "com.apple.product-type.application";
		};
		CD3DE9812BAEB37B005EDB19 /* iDineTests */ = {
			isa = PBXNativeTarget;
			buildConfigurationList = CD3DE9992BAEB37B005EDB19 /* Build configuration list for PBXNativeTarget "iDineTests" */;
			buildPhases = (
				CD3DE97E2BAEB37B005EDB19 /* Sources */,
				CD3DE97F2BAEB37B005EDB19 /* Frameworks */,
				CD3DE9802BAEB37B005EDB19 /* Resources */,
			);
			buildRules = (
			);
			dependencies = (
				CD3DE9842BAEB37B005EDB19 /* PBXTargetDependency */,
			);
			name = iDineTests;
			productName = iDineTests;
			productReference = CD3DE9822BAEB37B005EDB19 /* iDineTests.xctest */;
			productType = "com.apple.product-type.bundle.unit-test";
		};
		CD3DE98B2BAEB37B005EDB19 /* iDineUITests */ = {
			isa = PBXNativeTarget;
			buildConfigurationList = CD3DE99C2BAEB37B005EDB19 /* Build configuration list for PBXNativeTarget "iDineUITests" */;
			buildPhases = (
				CD3DE9882BAEB37B005EDB19 /* Sources */,
				CD3DE9892BAEB37B005EDB19 /* Frameworks */,
				CD3DE98A2BAEB37B005EDB19 /* Resources */,
			);
			buildRules = (
			);
			dependencies = (
				CD3DE98E2BAEB37B005EDB19 /* PBXTargetDependency */,
			);
			name = iDineUITests;
			productName = iDineUITests;
			productReference = CD3DE98C2BAEB37B005EDB19 /* iDineUITests.xctest */;
			productType = "com.apple.product-type.bundle.ui-testing";
		};
/* End PBXNativeTarget section */

/* Begin PBXProject section */
		CD3DE96A2BAEB378005EDB19 /* Project object */ = {
			isa = PBXProject;
			attributes = {
				BuildIndependentTargetsInParallel = 1;
				LastSwiftUpdateCheck = 1530;
				LastUpgradeCheck = 1530;
				TargetAttributes = {
					CD3DE9712BAEB378005EDB19 = {
						CreatedOnToolsVersion = 15.3;
					};
					CD3DE9812BAEB37B005EDB19 = {
						CreatedOnToolsVersion = 15.3;
						TestTargetID = CD3DE9712BAEB378005EDB19;
					};
					CD3DE98B2BAEB37B005EDB19 = {
						CreatedOnToolsVersion = 15.3;
						TestTargetID = CD3DE9712BAEB378005EDB19;
					};
				};
			};
			buildConfigurationList = CD3DE96D2BAEB378005EDB19 /* Build configuration list for PBXProject "iDine" */;
			compatibilityVersion = "Xcode 14.0";
			developmentRegion = en;
			hasScannedForEncodings = 0;
			knownRegions = (
				en,
				Base,
			);
			mainGroup = CD3DE9692BAEB378005EDB19;
			productRefGroup = CD3DE9732BAEB378005EDB19 /* Products */;
			projectDirPath = "";
			projectRoot = "";
			targets = (
				CD3DE9712BAEB378005EDB19 /* iDine */,
				CD3DE9812BAEB37B005EDB19 /* iDineTests */,
				CD3DE98B2BAEB37B005EDB19 /* iDineUITests */,
			);
		};
/* End PBXProject section */

/* Begin PBXResourcesBuildPhase section */
		CD3DE9702BAEB378005EDB19 /* Resources */ = {
			isa = PBXResourcesBuildPhase;
			buildActionMask = 2147483647;
			files = (
				CD3DE9A62BAEB62E005EDB19 /* menu.json in Resources */,
				CD3DE97D2BAEB37A005EDB19 /* Preview Assets.xcassets in Resources */,
				CD3DE97A2BAEB37A005EDB19 /* Assets.xcassets in Resources */,
			);
			runOnlyForDeploymentPostprocessing = 0;
		};
		CD3DE9802BAEB37B005EDB19 /* Resources */ = {
			isa = PBXResourcesBuildPhase;
			buildActionMask = 2147483647;
			files = (
			);
			runOnlyForDeploymentPostprocessing = 0;
		};
		CD3DE98A2BAEB37B005EDB19 /* Resources */ = {
			isa = PBXResourcesBuildPhase;
			buildActionMask = 2147483647;
			files = (
			);
			runOnlyForDeploymentPostprocessing = 0;
		};
/* End PBXResourcesBuildPhase section */

/* Begin PBXSourcesBuildPhase section */
		CD3DE96E2BAEB378005EDB19 /* Sources */ = {
			isa = PBXSourcesBuildPhase;
			buildActionMask = 2147483647;
			files = (
				CD3DE9AA2BAED611005EDB19 /* ItemDetail.swift in Sources */,
				CD3DE9AE2BAEDF07005EDB19 /* MainView.swift in Sources */,
				CD874E952BAFBFB8002394C9 /* CheckoutView.swift in Sources */,
				CD3DE9AC2BAEDDA2005EDB19 /* OrderView.swift in Sources */,
				CD3DE9782BAEB378005EDB19 /* ContentView.swift in Sources */,
				CD3DE9762BAEB378005EDB19 /* iDineApp.swift in Sources */,
				CD3DE9A42BAEB5E1005EDB19 /* Order.swift in Sources */,
				CD3DE9A82BAEC174005EDB19 /* ItemRow.swift in Sources */,
				CD3DE9A32BAEB5E1005EDB19 /* Menu.swift in Sources */,
				CD3DE9A02BAEB578005EDB19 /* Helper.swift in Sources */,
			);
			runOnlyForDeploymentPostprocessing = 0;
		};
		CD3DE97E2BAEB37B005EDB19 /* Sources */ = {
			isa = PBXSourcesBuildPhase;
			buildActionMask = 2147483647;
			files = (
				CD3DE9872BAEB37B005EDB19 /* iDineTests.swift in Sources */,
			);
			runOnlyForDeploymentPostprocessing = 0;
		};
		CD3DE9882BAEB37B005EDB19 /* Sources */ = {
			isa = PBXSourcesBuildPhase;
			buildActionMask = 2147483647;
			files = (
				CD3DE9932BAEB37B005EDB19 /* iDineUITestsLaunchTests.swift in Sources */,
				CD3DE9912BAEB37B005EDB19 /* iDineUITests.swift in Sources */,
			);
			runOnlyForDeploymentPostprocessing = 0;
		};
/* End PBXSourcesBuildPhase section */

/* Begin PBXTargetDependency section */
		CD3DE9842BAEB37B005EDB19 /* PBXTargetDependency */ = {
			isa = PBXTargetDependency;
			target = CD3DE9712BAEB378005EDB19 /* iDine */;
			targetProxy = CD3DE9832BAEB37B005EDB19 /* PBXContainerItemProxy */;
		};
		CD3DE98E2BAEB37B005EDB19 /* PBXTargetDependency */ = {
			isa = PBXTargetDependency;
			target = CD3DE9712BAEB378005EDB19 /* iDine */;
			targetProxy = CD3DE98D2BAEB37B005EDB19 /* PBXContainerItemProxy */;
		};
/* End PBXTargetDependency section */

/* Begin XCBuildConfiguration section */
		CD3DE9942BAEB37B005EDB19 /* Debug */ = {
			isa = XCBuildConfiguration;
			buildSettings = {
				ALWAYS_SEARCH_USER_PATHS = NO;
				ASSETCATALOG_COMPILER_GENERATE_SWIFT_ASSET_SYMBOL_EXTENSIONS = YES;
				CLANG_ANALYZER_NONNULL = YES;
				CLANG_ANALYZER_NUMBER_OBJECT_CONVERSION = YES_AGGRESSIVE;
				CLANG_CXX_LANGUAGE_STANDARD = "gnu++20";
				CLANG_ENABLE_MODULES = YES;
				CLANG_ENABLE_OBJC_ARC = YES;
				CLANG_ENABLE_OBJC_WEAK = YES;
				CLANG_WARN_BLOCK_CAPTURE_AUTORELEASING = YES;
				CLANG_WARN_BOOL_CONVERSION = YES;
				CLANG_WARN_COMMA = YES;
				CLANG_WARN_CONSTANT_CONVERSION = YES;
				CLANG_WARN_DEPRECATED_OBJC_IMPLEMENTATIONS = YES;
				CLANG_WARN_DIRECT_OBJC_ISA_USAGE = YES_ERROR;
				CLANG_WARN_DOCUMENTATION_COMMENTS = YES;
				CLANG_WARN_EMPTY_BODY = YES;
				CLANG_WARN_ENUM_CONVERSION = YES;
				CLANG_WARN_INFINITE_RECURSION = YES;
				CLANG_WARN_INT_CONVERSION = YES;
				CLANG_WARN_NON_LITERAL_NULL_CONVERSION = YES;
				CLANG_WARN_OBJC_IMPLICIT_RETAIN_SELF = YES;
				CLANG_WARN_OBJC_LITERAL_CONVERSION = YES;
				CLANG_WARN_OBJC_ROOT_CLASS = YES_ERROR;
				CLANG_WARN_QUOTED_INCLUDE_IN_FRAMEWORK_HEADER = YES;
				CLANG_WARN_RANGE_LOOP_ANALYSIS = YES;
				CLANG_WARN_STRICT_PROTOTYPES = YES;
				CLANG_WARN_SUSPICIOUS_MOVE = YES;
				CLANG_WARN_UNGUARDED_AVAILABILITY = YES_AGGRESSIVE;
				CLANG_WARN_UNREACHABLE_CODE = YES;
				CLANG_WARN__DUPLICATE_METHOD_MATCH = YES;
				COPY_PHASE_STRIP = NO;
				DEBUG_INFORMATION_FORMAT = dwarf;
				ENABLE_STRICT_OBJC_MSGSEND = YES;
				ENABLE_TESTABILITY = YES;
				ENABLE_USER_SCRIPT_SANDBOXING = YES;
				GCC_C_LANGUAGE_STANDARD = gnu17;
				GCC_DYNAMIC_NO_PIC = NO;
				GCC_NO_COMMON_BLOCKS = YES;
				GCC_OPTIMIZATION_LEVEL = 0;
				GCC_PREPROCESSOR_DEFINITIONS = (
					"DEBUG=1",
					"$(inherited)",
				);
				GCC_WARN_64_TO_32_BIT_CONVERSION = YES;
				GCC_WARN_ABOUT_RETURN_TYPE = YES_ERROR;
				GCC_WARN_UNDECLARED_SELECTOR = YES;
				GCC_WARN_UNINITIALIZED_AUTOS = YES_AGGRESSIVE;
				GCC_WARN_UNUSED_FUNCTION = YES;
				GCC_WARN_UNUSED_VARIABLE = YES;
				IPHONEOS_DEPLOYMENT_TARGET = 17.4;
				LOCALIZATION_PREFERS_STRING_CATALOGS = YES;
				MTL_ENABLE_DEBUG_INFO = INCLUDE_SOURCE;
				MTL_FAST_MATH = YES;
				ONLY_ACTIVE_ARCH = YES;
				SDKROOT = iphoneos;
				SWIFT_ACTIVE_COMPILATION_CONDITIONS = "DEBUG $(inherited)";
				SWIFT_OPTIMIZATION_LEVEL = "-Onone";
			};
			name = Debug;
		};
		CD3DE9952BAEB37B005EDB19 /* Release */ = {
			isa = XCBuildConfiguration;
			buildSettings = {
				ALWAYS_SEARCH_USER_PATHS = NO;
				ASSETCATALOG_COMPILER_GENERATE_SWIFT_ASSET_SYMBOL_EXTENSIONS = YES;
				CLANG_ANALYZER_NONNULL = YES;
				CLANG_ANALYZER_NUMBER_OBJECT_CONVERSION = YES_AGGRESSIVE;
				CLANG_CXX_LANGUAGE_STANDARD = "gnu++20";
				CLANG_ENABLE_MODULES = YES;
				CLANG_ENABLE_OBJC_ARC = YES;
				CLANG_ENABLE_OBJC_WEAK = YES;
				CLANG_WARN_BLOCK_CAPTURE_AUTORELEASING = YES;
				CLANG_WARN_BOOL_CONVERSION = YES;
				CLANG_WARN_COMMA = YES;
				CLANG_WARN_CONSTANT_CONVERSION = YES;
				CLANG_WARN_DEPRECATED_OBJC_IMPLEMENTATIONS = YES;
				CLANG_WARN_DIRECT_OBJC_ISA_USAGE = YES_ERROR;
				CLANG_WARN_DOCUMENTATION_COMMENTS = YES;
				CLANG_WARN_EMPTY_BODY = YES;
				CLANG_WARN_ENUM_CONVERSION = YES;
				CLANG_WARN_INFINITE_RECURSION = YES;
				CLANG_WARN_INT_CONVERSION = YES;
				CLANG_WARN_NON_LITERAL_NULL_CONVERSION = YES;
				CLANG_WARN_OBJC_IMPLICIT_RETAIN_SELF = YES;
				CLANG_WARN_OBJC_LITERAL_CONVERSION = YES;
				CLANG_WARN_OBJC_ROOT_CLASS = YES_ERROR;
				CLANG_WARN_QUOTED_INCLUDE_IN_FRAMEWORK_HEADER = YES;
				CLANG_WARN_RANGE_LOOP_ANALYSIS = YES;
				CLANG_WARN_STRICT_PROTOTYPES = YES;
				CLANG_WARN_SUSPICIOUS_MOVE = YES;
				CLANG_WARN_UNGUARDED_AVAILABILITY = YES_AGGRESSIVE;
				CLANG_WARN_UNREACHABLE_CODE = YES;
				CLANG_WARN__DUPLICATE_METHOD_MATCH = YES;
				COPY_PHASE_STRIP = NO;
				DEBUG_INFORMATION_FORMAT = "dwarf-with-dsym";
				ENABLE_NS_ASSERTIONS = NO;
				ENABLE_STRICT_OBJC_MSGSEND = YES;
				ENABLE_USER_SCRIPT_SANDBOXING = YES;
				GCC_C_LANGUAGE_STANDARD = gnu17;
				GCC_NO_COMMON_BLOCKS = YES;
				GCC_WARN_64_TO_32_BIT_CONVERSION = YES;
				GCC_WARN_ABOUT_RETURN_TYPE = YES_ERROR;
				GCC_WARN_UNDECLARED_SELECTOR = YES;
				GCC_WARN_UNINITIALIZED_AUTOS = YES_AGGRESSIVE;
				GCC_WARN_UNUSED_FUNCTION = YES;
				GCC_WARN_UNUSED_VARIABLE = YES;
				IPHONEOS_DEPLOYMENT_TARGET = 17.4;
				LOCALIZATION_PREFERS_STRING_CATALOGS = YES;
				MTL_ENABLE_DEBUG_INFO = NO;
				MTL_FAST_MATH = YES;
				SDKROOT = iphoneos;
				SWIFT_COMPILATION_MODE = wholemodule;
				VALIDATE_PRODUCT = YES;
			};
			name = Release;
		};
		CD3DE9972BAEB37B005EDB19 /* Debug */ = {
			isa = XCBuildConfiguration;
			buildSettings = {
				ASSETCATALOG_COMPILER_APPICON_NAME = AppIcon;
				ASSETCATALOG_COMPILER_GLOBAL_ACCENT_COLOR_NAME = AccentColor;
				CODE_SIGN_STYLE = Automatic;
				CURRENT_PROJECT_VERSION = 1;
				DEVELOPMENT_ASSET_PATHS = "\"iDine/Preview Content\"";
				DEVELOPMENT_TEAM = 6WDD8XW7AW;
				ENABLE_PREVIEWS = YES;
				GENERATE_INFOPLIST_FILE = YES;
				INFOPLIST_KEY_UIApplicationSceneManifest_Generation = YES;
				INFOPLIST_KEY_UIApplicationSupportsIndirectInputEvents = YES;
				INFOPLIST_KEY_UILaunchScreen_Generation = YES;
				INFOPLIST_KEY_UISupportedInterfaceOrientations_iPad = "UIInterfaceOrientationPortrait UIInterfaceOrientationPortraitUpsideDown UIInterfaceOrientationLandscapeLeft UIInterfaceOrientationLandscapeRight";
				INFOPLIST_KEY_UISupportedInterfaceOrientations_iPhone = "UIInterfaceOrientationPortrait UIInterfaceOrientationLandscapeLeft UIInterfaceOrientationLandscapeRight";
				LD_RUNPATH_SEARCH_PATHS = (
					"$(inherited)",
					"@executable_path/Frameworks",
				);
				MARKETING_VERSION = 1.0;
				PRODUCT_BUNDLE_IDENTIFIER = com.termosfer.iDine;
				PRODUCT_NAME = "$(TARGET_NAME)";
				SWIFT_EMIT_LOC_STRINGS = YES;
				SWIFT_VERSION = 5.0;
				TARGETED_DEVICE_FAMILY = "1,2";
			};
			name = Debug;
		};
		CD3DE9982BAEB37B005EDB19 /* Release */ = {
			isa = XCBuildConfiguration;
			buildSettings = {
				ASSETCATALOG_COMPILER_APPICON_NAME = AppIcon;
				ASSETCATALOG_COMPILER_GLOBAL_ACCENT_COLOR_NAME = AccentColor;
				CODE_SIGN_STYLE = Automatic;
				CURRENT_PROJECT_VERSION = 1;
				DEVELOPMENT_ASSET_PATHS = "\"iDine/Preview Content\"";
				DEVELOPMENT_TEAM = 6WDD8XW7AW;
				ENABLE_PREVIEWS = YES;
				GENERATE_INFOPLIST_FILE = YES;
				INFOPLIST_KEY_UIApplicationSceneManifest_Generation = YES;
				INFOPLIST_KEY_UIApplicationSupportsIndirectInputEvents = YES;
				INFOPLIST_KEY_UILaunchScreen_Generation = YES;
				INFOPLIST_KEY_UISupportedInterfaceOrientations_iPad = "UIInterfaceOrientationPortrait UIInterfaceOrientationPortraitUpsideDown UIInterfaceOrientationLandscapeLeft UIInterfaceOrientationLandscapeRight";
				INFOPLIST_KEY_UISupportedInterfaceOrientations_iPhone = "UIInterfaceOrientationPortrait UIInterfaceOrientationLandscapeLeft UIInterfaceOrientationLandscapeRight";
				LD_RUNPATH_SEARCH_PATHS = (
					"$(inherited)",
					"@executable_path/Frameworks",
				);
				MARKETING_VERSION = 1.0;
				PRODUCT_BUNDLE_IDENTIFIER = com.termosfer.iDine;
				PRODUCT_NAME = "$(TARGET_NAME)";
				SWIFT_EMIT_LOC_STRINGS = YES;
				SWIFT_VERSION = 5.0;
				TARGETED_DEVICE_FAMILY = "1,2";
			};
			name = Release;
		};
		CD3DE99A2BAEB37B005EDB19 /* Debug */ = {
			isa = XCBuildConfiguration;
			buildSettings = {
				ALWAYS_EMBED_SWIFT_STANDARD_LIBRARIES = YES;
				BUNDLE_LOADER = "$(TEST_HOST)";
				CODE_SIGN_STYLE = Automatic;
				CURRENT_PROJECT_VERSION = 1;
				DEVELOPMENT_TEAM = 6WDD8XW7AW;
				GENERATE_INFOPLIST_FILE = YES;
				IPHONEOS_DEPLOYMENT_TARGET = 17.4;
				MARKETING_VERSION = 1.0;
				PRODUCT_BUNDLE_IDENTIFIER = com.termosfer.iDineTests;
				PRODUCT_NAME = "$(TARGET_NAME)";
				SWIFT_EMIT_LOC_STRINGS = NO;
				SWIFT_VERSION = 5.0;
				TARGETED_DEVICE_FAMILY = "1,2";
				TEST_HOST = "$(BUILT_PRODUCTS_DIR)/iDine.app/$(BUNDLE_EXECUTABLE_FOLDER_PATH)/iDine";
			};
			name = Debug;
		};
		CD3DE99B2BAEB37B005EDB19 /* Release */ = {
			isa = XCBuildConfiguration;
			buildSettings = {
				ALWAYS_EMBED_SWIFT_STANDARD_LIBRARIES = YES;
				BUNDLE_LOADER = "$(TEST_HOST)";
				CODE_SIGN_STYLE = Automatic;
				CURRENT_PROJECT_VERSION = 1;
				DEVELOPMENT_TEAM = 6WDD8XW7AW;
				GENERATE_INFOPLIST_FILE = YES;
				IPHONEOS_DEPLOYMENT_TARGET = 17.4;
				MARKETING_VERSION = 1.0;
				PRODUCT_BUNDLE_IDENTIFIER = com.termosfer.iDineTests;
				PRODUCT_NAME = "$(TARGET_NAME)";
				SWIFT_EMIT_LOC_STRINGS = NO;
				SWIFT_VERSION = 5.0;
				TARGETED_DEVICE_FAMILY = "1,2";
				TEST_HOST = "$(BUILT_PRODUCTS_DIR)/iDine.app/$(BUNDLE_EXECUTABLE_FOLDER_PATH)/iDine";
			};
			name = Release;
		};
		CD3DE99D2BAEB37B005EDB19 /* Debug */ = {
			isa = XCBuildConfiguration;
			buildSettings = {
				ALWAYS_EMBED_SWIFT_STANDARD_LIBRARIES = YES;
				CODE_SIGN_STYLE = Automatic;
				CURRENT_PROJECT_VERSION = 1;
				DEVELOPMENT_TEAM = 6WDD8XW7AW;
				GENERATE_INFOPLIST_FILE = YES;
				MARKETING_VERSION = 1.0;
				PRODUCT_BUNDLE_IDENTIFIER = com.termosfer.iDineUITests;
				PRODUCT_NAME = "$(TARGET_NAME)";
				SWIFT_EMIT_LOC_STRINGS = NO;
				SWIFT_VERSION = 5.0;
				TARGETED_DEVICE_FAMILY = "1,2";
				TEST_TARGET_NAME = iDine;
			};
			name = Debug;
		};
		CD3DE99E2BAEB37B005EDB19 /* Release */ = {
			isa = XCBuildConfiguration;
			buildSettings = {
				ALWAYS_EMBED_SWIFT_STANDARD_LIBRARIES = YES;
				CODE_SIGN_STYLE = Automatic;
				CURRENT_PROJECT_VERSION = 1;
				DEVELOPMENT_TEAM = 6WDD8XW7AW;
				GENERATE_INFOPLIST_FILE = YES;
				MARKETING_VERSION = 1.0;
				PRODUCT_BUNDLE_IDENTIFIER = com.termosfer.iDineUITests;
				PRODUCT_NAME = "$(TARGET_NAME)";
				SWIFT_EMIT_LOC_STRINGS = NO;
				SWIFT_VERSION = 5.0;
				TARGETED_DEVICE_FAMILY = "1,2";
				TEST_TARGET_NAME = iDine;
			};
			name = Release;
		};
/* End XCBuildConfiguration section */

/* Begin XCConfigurationList section */
		CD3DE96D2BAEB378005EDB19 /* Build configuration list for PBXProject "iDine" */ = {
			isa = XCConfigurationList;
			buildConfigurations = (
				CD3DE9942BAEB37B005EDB19 /* Debug */,
				CD3DE9952BAEB37B005EDB19 /* Release */,
			);
			defaultConfigurationIsVisible = 0;
			defaultConfigurationName = Release;
		};
		CD3DE9962BAEB37B005EDB19 /* Build configuration list for PBXNativeTarget "iDine" */ = {
			isa = XCConfigurationList;
			buildConfigurations = (
				CD3DE9972BAEB37B005EDB19 /* Debug */,
				CD3DE9982BAEB37B005EDB19 /* Release */,
			);
			defaultConfigurationIsVisible = 0;
			defaultConfigurationName = Release;
		};
		CD3DE9992BAEB37B005EDB19 /* Build configuration list for PBXNativeTarget "iDineTests" */ = {
			isa = XCConfigurationList;
			buildConfigurations = (
				CD3DE99A2BAEB37B005EDB19 /* Debug */,
				CD3DE99B2BAEB37B005EDB19 /* Release */,
			);
			defaultConfigurationIsVisible = 0;
			defaultConfigurationName = Release;
		};
		CD3DE99C2BAEB37B005EDB19 /* Build configuration list for PBXNativeTarget "iDineUITests" */ = {
			isa = XCConfigurationList;
			buildConfigurations = (
				CD3DE99D2BAEB37B005EDB19 /* Debug */,
				CD3DE99E2BAEB37B005EDB19 /* Release */,
			);
			defaultConfigurationIsVisible = 0;
			defaultConfigurationName = Release;
		};
/* End XCConfigurationList section */
	};
	rootObject = CD3DE96A2BAEB378005EDB19 /* Project object */;
}
